{
  "requires": true,
  "lockfileVersion": 1,
  "dependencies": {
    "@babel/runtime": {
      "version": "7.14.8",
      "resolved": "https://registry.nlark.com/@babel/runtime/download/@babel/runtime-7.14.8.tgz",
      "integrity": "sha1-cRmlb0IQGIUmlCkLn5FICXORtEY=",
      "requires": {
        "regenerator-runtime": "^0.13.4"
      }
    },
    "@babel/runtime-corejs3": {
      "version": "7.14.8",
      "resolved": "https://registry.nlark.com/@babel/runtime-corejs3/download/@babel/runtime-corejs3-7.14.8.tgz",
      "integrity": "sha1-aFOeASnxPrHtmpqic9NUK5PIg4Q=",
      "requires": {
        "core-js-pure": "^3.15.0",
        "regenerator-runtime": "^0.13.4"
      }
    },
    "core-js-pure": {
      "version": "3.15.2",
      "resolved": "https://registry.nlark.com/core-js-pure/download/core-js-pure-3.15.2.tgz",
      "integrity": "sha1-yOCHSCJwXzOF0xl6+TSPfJri484="
    },
    "regenerator-runtime": {
      "version": "0.13.9",
      "resolved": "https://registry.nlark.com/regenerator-runtime/download/regenerator-runtime-0.13.9.tgz",
      "integrity": "sha1-iSV0Kpj/2QgUmI11Zq0wyjsmO1I="
    },
    "wangeditor": {
      "version": "4.6.3",
      "resolved": "https://registry.nlark.com/wangeditor/download/wangeditor-4.6.3.tgz?cache=0&sync_timestamp=1625190908159&other_urls=https%3A%2F%2Fregistry.nlark.com%2Fwangeditor%2Fdownload%2Fwangeditor-4.6.3.tgz",
      "integrity": "sha1-zFcpEbIOMY/KglSvD+Nu/EBkK9w=",
      "requires": {
        "@babel/runtime": "^7.11.2",
        "@babel/runtime-corejs3": "^7.11.2"
      }
    }
  }
}
